
Microsoft Visual Studio Solution File, Format Version 12.00
# Visual Studio Version 16
VisualStudioVersion = 16.0.29920.165
MinimumVisualStudioVersion = 10.0.40219.1
Project("{9A19103F-16F7-4668-BE54-9A1E7A4F7556}") = "snake-via-msbuild", "snake-via-msbuild.csproj", "{633CE9D1-2BB5-4D73-8CED-8A20A20F4659}"
EndProject
Global
	GlobalSection(SolutionConfigurationPlatforms) = preSolution
		Debug|Any CPU = Debug|Any CPU
		Release|Any CPU = Release|Any CPU
	EndGlobalSection
	GlobalSection(ProjectConfigurationPlatforms) = postSolution
		{633CE9D1-2BB5-4D73-8CED-8A20A20F4659}.Debug|Any CPU.ActiveCfg = Debug|Any CPU
		{633CE9D1-2BB5-4D73-8CED-8A20A20F4659}.Debug|Any CPU.Build.0 = Debug|Any CPU
		{633CE9D1-2BB5-4D73-8CED-8A20A20F4659}.Release|Any CPU.ActiveCfg = Release|Any CPU
		{633CE9D1-2BB5-4D73-8CED-8A20A20F4659}.Release|Any CPU.Build.0 = Release|Any CPU
	EndGlobalSection
	GlobalSection(SolutionProperties) = preSolution
		HideSolutionNode = FALSE
	EndGlobalSection
	GlobalSection(ExtensibilityGlobals) = postSolution
		SolutionGuid = {23B28A0C-F05A-4503-9416-0DB42FC3640E}
	EndGlobalSection
EndGlobal
